
Microsoft Visual Studio Solution File, Format Version 12.00
# Visual Studio 15
VisualStudioVersion = 15.0.26403.3
MinimumVisualStudioVersion = 10.0.40219.1
Project("{FAE04EC0-301F-11D3-BF4B-00C04F79EFBC}") = "Visitor", "Visitor\Visitor.csproj", "{5EA68B2D-F6FF-4490-BBCF-7E7797036077}"
EndProject
Project("{2150E333-8FDC-42A3-9474-1A3956D46DE8}") = "Behavioral Patterns", "Behavioral Patterns", "{5210D741-A652-4DDE-94E1-ACE571B51A35}"
EndProject
Project("{2150E333-8FDC-42A3-9474-1A3956D46DE8}") = "Creational Patterns", "Creational Patterns", "{85A62E41-EE28-4E48-AE11-5AA779F2744C}"
EndProject
Project("{2150E333-8FDC-42A3-9474-1A3956D46DE8}") = "Structural Patterns", "Structural Patterns", "{4A46F10E-8B98-46DE-91A3-D83C858A0387}"
EndProject
Project("{FAE04EC0-301F-11D3-BF4B-00C04F79EFBC}") = "Strategy", "Strategy\Strategy.csproj", "{F9144B45-8C35-4B72-A126-5E29FA73DD0C}"
EndProject
Project("{FAE04EC0-301F-11D3-BF4B-00C04F79EFBC}") = "Abstract Factory", "Abstract Factory\Abstract Factory.csproj", "{1D36206A-8C51-4D5A-A830-F6FB3A83E457}"
EndProject
Project("{FAE04EC0-301F-11D3-BF4B-00C04F79EFBC}") = "Builder", "Builder\Builder.csproj", "{B6B13B1C-1D48-4126-9AA7-39ACE1FE2841}"
EndProject
Project("{FAE04EC0-301F-11D3-BF4B-00C04F79EFBC}") = "Factory Method", "Factory Method\Factory Method.csproj", "{1856E8B2-E9E0-4BC1-84E1-ABFA6B098239}"
EndProject
Project("{FAE04EC0-301F-11D3-BF4B-00C04F79EFBC}") = "Prototype", "Prototype\Prototype.csproj", "{B4F4BAE8-0086-4A4B-A645-74304A3A78E2}"
EndProject
Project("{FAE04EC0-301F-11D3-BF4B-00C04F79EFBC}") = "Singleton", "Singleton\Singleton.csproj", "{6EA418E7-0F9F-4356-B8A9-CD564F12B80C}"
EndProject
Project("{FAE04EC0-301F-11D3-BF4B-00C04F79EFBC}") = "Adapter", "Adapter\Adapter.csproj", "{2475A291-9DF9-4660-AD96-E21BBA9D268C}"
EndProject
Project("{FAE04EC0-301F-11D3-BF4B-00C04F79EFBC}") = "Bridge", "Bridge\Bridge.csproj", "{1659BF8D-269F-4F14-9515-B132CC4A6665}"
EndProject
Project("{FAE04EC0-301F-11D3-BF4B-00C04F79EFBC}") = "Composite", "Composite\Composite.csproj", "{DF31AF66-DEF7-4C3A-955B-E0BE43932BAB}"
EndProject
Project("{FAE04EC0-301F-11D3-BF4B-00C04F79EFBC}") = "Decorator", "Decorator\Decorator.csproj", "{F6FEF727-9C1D-451F-B591-31060DF33DD2}"
EndProject
Project("{FAE04EC0-301F-11D3-BF4B-00C04F79EFBC}") = "Facade", "Facade\Facade.csproj", "{0166F902-D6CD-498A-A2B6-A3740A5E8E2A}"
EndProject
Project("{FAE04EC0-301F-11D3-BF4B-00C04F79EFBC}") = "Flyweight", "Flyweight\Flyweight.csproj", "{EEA97B57-8CCA-4CC1-8960-4EC49A8F8CFF}"
EndProject
Project("{FAE04EC0-301F-11D3-BF4B-00C04F79EFBC}") = "Proxy", "Proxy\Proxy.csproj", "{5355FAA5-7E9C-45C9-B04C-CB445F7B5CB5}"
EndProject
Project("{FAE04EC0-301F-11D3-BF4B-00C04F79EFBC}") = "Chain of Resp", "Chain of Resp\Chain of Resp.csproj", "{DE398133-5FF6-4D69-85A5-6F445C91CA81}"
EndProject
Project("{FAE04EC0-301F-11D3-BF4B-00C04F79EFBC}") = "Command", "Command\Command.csproj", "{6DA0F093-5190-4814-8729-C9FEABCB4DDF}"
EndProject
Project("{FAE04EC0-301F-11D3-BF4B-00C04F79EFBC}") = "Interpreter", "Interpreter\Interpreter.csproj", "{3FB2C01B-7C12-4909-804E-1D29F24B6F41}"
EndProject
Project("{FAE04EC0-301F-11D3-BF4B-00C04F79EFBC}") = "Iterator", "Iterator\Iterator.csproj", "{69169F93-97DC-4CD4-83A7-73329E68CAE2}"
EndProject
Project("{FAE04EC0-301F-11D3-BF4B-00C04F79EFBC}") = "Mediator", "Mediator\Mediator.csproj", "{21DDC6C2-EFB4-4378-A0FF-FDEEE211F7DF}"
EndProject
Project("{FAE04EC0-301F-11D3-BF4B-00C04F79EFBC}") = "Memento", "Memento\Memento.csproj", "{E74F54AB-F16D-41A8-A76F-A52A2C726BE8}"
EndProject
Project("{FAE04EC0-301F-11D3-BF4B-00C04F79EFBC}") = "Observer", "Observer\Observer.csproj", "{1F2CAAE0-4BFF-424F-82F4-BE4DBF23BD30}"
EndProject
Project("{FAE04EC0-301F-11D3-BF4B-00C04F79EFBC}") = "State", "State\State.csproj", "{21F4D812-3118-4BB7-A1D1-85BFDA20AA34}"
EndProject
Project("{FAE04EC0-301F-11D3-BF4B-00C04F79EFBC}") = "Template Method", "Template Method\Template Method.csproj", "{659E048D-1F8D-466D-B262-080E8BE5F103}"
EndProject
Project("{FAE04EC0-301F-11D3-BF4B-00C04F79EFBC}") = "MVC", "MVC\MVC.csproj", "{B4BE9923-6A62-40AB-AFDC-AD292AFEBE69}"
EndProject
Global
	GlobalSection(SolutionConfigurationPlatforms) = preSolution
		Debug|Any CPU = Debug|Any CPU
		Release|Any CPU = Release|Any CPU
	EndGlobalSection
	GlobalSection(ProjectConfigurationPlatforms) = postSolution
		{5EA68B2D-F6FF-4490-BBCF-7E7797036077}.Debug|Any CPU.ActiveCfg = Debug|Any CPU
		{5EA68B2D-F6FF-4490-BBCF-7E7797036077}.Debug|Any CPU.Build.0 = Debug|Any CPU
		{5EA68B2D-F6FF-4490-BBCF-7E7797036077}.Release|Any CPU.ActiveCfg = Release|Any CPU
		{5EA68B2D-F6FF-4490-BBCF-7E7797036077}.Release|Any CPU.Build.0 = Release|Any CPU
		{F9144B45-8C35-4B72-A126-5E29FA73DD0C}.Debug|Any CPU.ActiveCfg = Debug|Any CPU
		{F9144B45-8C35-4B72-A126-5E29FA73DD0C}.Debug|Any CPU.Build.0 = Debug|Any CPU
		{F9144B45-8C35-4B72-A126-5E29FA73DD0C}.Release|Any CPU.ActiveCfg = Release|Any CPU
		{F9144B45-8C35-4B72-A126-5E29FA73DD0C}.Release|Any CPU.Build.0 = Release|Any CPU
		{1D36206A-8C51-4D5A-A830-F6FB3A83E457}.Debug|Any CPU.ActiveCfg = Debug|Any CPU
		{1D36206A-8C51-4D5A-A830-F6FB3A83E457}.Debug|Any CPU.Build.0 = Debug|Any CPU
		{1D36206A-8C51-4D5A-A830-F6FB3A83E457}.Release|Any CPU.ActiveCfg = Release|Any CPU
		{1D36206A-8C51-4D5A-A830-F6FB3A83E457}.Release|Any CPU.Build.0 = Release|Any CPU
		{B6B13B1C-1D48-4126-9AA7-39ACE1FE2841}.Debug|Any CPU.ActiveCfg = Debug|Any CPU
		{B6B13B1C-1D48-4126-9AA7-39ACE1FE2841}.Debug|Any CPU.Build.0 = Debug|Any CPU
		{B6B13B1C-1D48-4126-9AA7-39ACE1FE2841}.Release|Any CPU.ActiveCfg = Release|Any CPU
		{B6B13B1C-1D48-4126-9AA7-39ACE1FE2841}.Release|Any CPU.Build.0 = Release|Any CPU
		{1856E8B2-E9E0-4BC1-84E1-ABFA6B098239}.Debug|Any CPU.ActiveCfg = Debug|Any CPU
		{1856E8B2-E9E0-4BC1-84E1-ABFA6B098239}.Debug|Any CPU.Build.0 = Debug|Any CPU
		{1856E8B2-E9E0-4BC1-84E1-ABFA6B098239}.Release|Any CPU.ActiveCfg = Release|Any CPU
		{1856E8B2-E9E0-4BC1-84E1-ABFA6B098239}.Release|Any CPU.Build.0 = Release|Any CPU
		{B4F4BAE8-0086-4A4B-A645-74304A3A78E2}.Debug|Any CPU.ActiveCfg = Debug|Any CPU
		{B4F4BAE8-0086-4A4B-A645-74304A3A78E2}.Debug|Any CPU.Build.0 = Debug|Any CPU
		{B4F4BAE8-0086-4A4B-A645-74304A3A78E2}.Release|Any CPU.ActiveCfg = Release|Any CPU
		{B4F4BAE8-0086-4A4B-A645-74304A3A78E2}.Release|Any CPU.Build.0 = Release|Any CPU
		{6EA418E7-0F9F-4356-B8A9-CD564F12B80C}.Debug|Any CPU.ActiveCfg = Debug|Any CPU
		{6EA418E7-0F9F-4356-B8A9-CD564F12B80C}.Debug|Any CPU.Build.0 = Debug|Any CPU
		{6EA418E7-0F9F-4356-B8A9-CD564F12B80C}.Release|Any CPU.ActiveCfg = Release|Any CPU
		{6EA418E7-0F9F-4356-B8A9-CD564F12B80C}.Release|Any CPU.Build.0 = Release|Any CPU
		{2475A291-9DF9-4660-AD96-E21BBA9D268C}.Debug|Any CPU.ActiveCfg = Debug|Any CPU
		{2475A291-9DF9-4660-AD96-E21BBA9D268C}.Debug|Any CPU.Build.0 = Debug|Any CPU
		{2475A291-9DF9-4660-AD96-E21BBA9D268C}.Release|Any CPU.ActiveCfg = Release|Any CPU
		{2475A291-9DF9-4660-AD96-E21BBA9D268C}.Release|Any CPU.Build.0 = Release|Any CPU
		{1659BF8D-269F-4F14-9515-B132CC4A6665}.Debug|Any CPU.ActiveCfg = Debug|Any CPU
		{1659BF8D-269F-4F14-9515-B132CC4A6665}.Debug|Any CPU.Build.0 = Debug|Any CPU
		{1659BF8D-269F-4F14-9515-B132CC4A6665}.Release|Any CPU.ActiveCfg = Release|Any CPU
		{1659BF8D-269F-4F14-9515-B132CC4A6665}.Release|Any CPU.Build.0 = Release|Any CPU
		{DF31AF66-DEF7-4C3A-955B-E0BE43932BAB}.Debug|Any CPU.ActiveCfg = Debug|Any CPU
		{DF31AF66-DEF7-4C3A-955B-E0BE43932BAB}.Debug|Any CPU.Build.0 = Debug|Any CPU
		{DF31AF66-DEF7-4C3A-955B-E0BE43932BAB}.Release|Any CPU.ActiveCfg = Release|Any CPU
		{DF31AF66-DEF7-4C3A-955B-E0BE43932BAB}.Release|Any CPU.Build.0 = Release|Any CPU
		{F6FEF727-9C1D-451F-B591-31060DF33DD2}.Debug|Any CPU.ActiveCfg = Debug|Any CPU
		{F6FEF727-9C1D-451F-B591-31060DF33DD2}.Debug|Any CPU.Build.0 = Debug|Any CPU
		{F6FEF727-9C1D-451F-B591-31060DF33DD2}.Release|Any CPU.ActiveCfg = Release|Any CPU
		{F6FEF727-9C1D-451F-B591-31060DF33DD2}.Release|Any CPU.Build.0 = Release|Any CPU
		{0166F902-D6CD-498A-A2B6-A3740A5E8E2A}.Debug|Any CPU.ActiveCfg = Debug|Any CPU
		{0166F902-D6CD-498A-A2B6-A3740A5E8E2A}.Debug|Any CPU.Build.0 = Debug|Any CPU
		{0166F902-D6CD-498A-A2B6-A3740A5E8E2A}.Release|Any CPU.ActiveCfg = Release|Any CPU
		{0166F902-D6CD-498A-A2B6-A3740A5E8E2A}.Release|Any CPU.Build.0 = Release|Any CPU
		{EEA97B57-8CCA-4CC1-8960-4EC49A8F8CFF}.Debug|Any CPU.ActiveCfg = Debug|Any CPU
		{EEA97B57-8CCA-4CC1-8960-4EC49A8F8CFF}.Debug|Any CPU.Build.0 = Debug|Any CPU
		{EEA97B57-8CCA-4CC1-8960-4EC49A8F8CFF}.Release|Any CPU.ActiveCfg = Release|Any CPU
		{EEA97B57-8CCA-4CC1-8960-4EC49A8F8CFF}.Release|Any CPU.Build.0 = Release|Any CPU
		{5355FAA5-7E9C-45C9-B04C-CB445F7B5CB5}.Debug|Any CPU.ActiveCfg = Debug|Any CPU
		{5355FAA5-7E9C-45C9-B04C-CB445F7B5CB5}.Debug|Any CPU.Build.0 = Debug|Any CPU
		{5355FAA5-7E9C-45C9-B04C-CB445F7B5CB5}.Release|Any CPU.ActiveCfg = Release|Any CPU
		{5355FAA5-7E9C-45C9-B04C-CB445F7B5CB5}.Release|Any CPU.Build.0 = Release|Any CPU
		{DE398133-5FF6-4D69-85A5-6F445C91CA81}.Debug|Any CPU.ActiveCfg = Debug|Any CPU
		{DE398133-5FF6-4D69-85A5-6F445C91CA81}.Debug|Any CPU.Build.0 = Debug|Any CPU
		{DE398133-5FF6-4D69-85A5-6F445C91CA81}.Release|Any CPU.ActiveCfg = Release|Any CPU
		{DE398133-5FF6-4D69-85A5-6F445C91CA81}.Release|Any CPU.Build.0 = Release|Any CPU
		{6DA0F093-5190-4814-8729-C9FEABCB4DDF}.Debug|Any CPU.ActiveCfg = Debug|Any CPU
		{6DA0F093-5190-4814-8729-C9FEABCB4DDF}.Debug|Any CPU.Build.0 = Debug|Any CPU
		{6DA0F093-5190-4814-8729-C9FEABCB4DDF}.Release|Any CPU.ActiveCfg = Release|Any CPU
		{6DA0F093-5190-4814-8729-C9FEABCB4DDF}.Release|Any CPU.Build.0 = Release|Any CPU
		{3FB2C01B-7C12-4909-804E-1D29F24B6F41}.Debug|Any CPU.ActiveCfg = Debug|Any CPU
		{3FB2C01B-7C12-4909-804E-1D29F24B6F41}.Debug|Any CPU.Build.0 = Debug|Any CPU
		{3FB2C01B-7C12-4909-804E-1D29F24B6F41}.Release|Any CPU.ActiveCfg = Release|Any CPU
		{3FB2C01B-7C12-4909-804E-1D29F24B6F41}.Release|Any CPU.Build.0 = Release|Any CPU
		{69169F93-97DC-4CD4-83A7-73329E68CAE2}.Debug|Any CPU.ActiveCfg = Debug|Any CPU
		{69169F93-97DC-4CD4-83A7-73329E68CAE2}.Debug|Any CPU.Build.0 = Debug|Any CPU
		{69169F93-97DC-4CD4-83A7-73329E68CAE2}.Release|Any CPU.ActiveCfg = Release|Any CPU
		{69169F93-97DC-4CD4-83A7-73329E68CAE2}.Release|Any CPU.Build.0 = Release|Any CPU
		{21DDC6C2-EFB4-4378-A0FF-FDEEE211F7DF}.Debug|Any CPU.ActiveCfg = Debug|Any CPU
		{21DDC6C2-EFB4-4378-A0FF-FDEEE211F7DF}.Debug|Any CPU.Build.0 = Debug|Any CPU
		{21DDC6C2-EFB4-4378-A0FF-FDEEE211F7DF}.Release|Any CPU.ActiveCfg = Release|Any CPU
		{21DDC6C2-EFB4-4378-A0FF-FDEEE211F7DF}.Release|Any CPU.Build.0 = Release|Any CPU
		{E74F54AB-F16D-41A8-A76F-A52A2C726BE8}.Debug|Any CPU.ActiveCfg = Debug|Any CPU
		{E74F54AB-F16D-41A8-A76F-A52A2C726BE8}.Debug|Any CPU.Build.0 = Debug|Any CPU
		{E74F54AB-F16D-41A8-A76F-A52A2C726BE8}.Release|Any CPU.ActiveCfg = Release|Any CPU
		{E74F54AB-F16D-41A8-A76F-A52A2C726BE8}.Release|Any CPU.Build.0 = Release|Any CPU
		{1F2CAAE0-4BFF-424F-82F4-BE4DBF23BD30}.Debug|Any CPU.ActiveCfg = Debug|Any CPU
		{1F2CAAE0-4BFF-424F-82F4-BE4DBF23BD30}.Debug|Any CPU.Build.0 = Debug|Any CPU
		{1F2CAAE0-4BFF-424F-82F4-BE4DBF23BD30}.Release|Any CPU.ActiveCfg = Release|Any CPU
		{1F2CAAE0-4BFF-424F-82F4-BE4DBF23BD30}.Release|Any CPU.Build.0 = Release|Any CPU
		{21F4D812-3118-4BB7-A1D1-85BFDA20AA34}.Debug|Any CPU.ActiveCfg = Debug|Any CPU
		{21F4D812-3118-4BB7-A1D1-85BFDA20AA34}.Debug|Any CPU.Build.0 = Debug|Any CPU
		{21F4D812-3118-4BB7-A1D1-85BFDA20AA34}.Release|Any CPU.ActiveCfg = Release|Any CPU
		{21F4D812-3118-4BB7-A1D1-85BFDA20AA34}.Release|Any CPU.Build.0 = Release|Any CPU
		{659E048D-1F8D-466D-B262-080E8BE5F103}.Debug|Any CPU.ActiveCfg = Debug|Any CPU
		{659E048D-1F8D-466D-B262-080E8BE5F103}.Debug|Any CPU.Build.0 = Debug|Any CPU
		{659E048D-1F8D-466D-B262-080E8BE5F103}.Release|Any CPU.ActiveCfg = Release|Any CPU
		{659E048D-1F8D-466D-B262-080E8BE5F103}.Release|Any CPU.Build.0 = Release|Any CPU
		{B4BE9923-6A62-40AB-AFDC-AD292AFEBE69}.Debug|Any CPU.ActiveCfg = Debug|Any CPU
		{B4BE9923-6A62-40AB-AFDC-AD292AFEBE69}.Debug|Any CPU.Build.0 = Debug|Any CPU
		{B4BE9923-6A62-40AB-AFDC-AD292AFEBE69}.Release|Any CPU.ActiveCfg = Release|Any CPU
		{B4BE9923-6A62-40AB-AFDC-AD292AFEBE69}.Release|Any CPU.Build.0 = Release|Any CPU
	EndGlobalSection
	GlobalSection(SolutionProperties) = preSolution
		HideSolutionNode = FALSE
	EndGlobalSection
	GlobalSection(NestedProjects) = preSolution
		{5EA68B2D-F6FF-4490-BBCF-7E7797036077} = {5210D741-A652-4DDE-94E1-ACE571B51A35}
		{F9144B45-8C35-4B72-A126-5E29FA73DD0C} = {5210D741-A652-4DDE-94E1-ACE571B51A35}
		{1D36206A-8C51-4D5A-A830-F6FB3A83E457} = {85A62E41-EE28-4E48-AE11-5AA779F2744C}
		{B6B13B1C-1D48-4126-9AA7-39ACE1FE2841} = {85A62E41-EE28-4E48-AE11-5AA779F2744C}
		{1856E8B2-E9E0-4BC1-84E1-ABFA6B098239} = {85A62E41-EE28-4E48-AE11-5AA779F2744C}
		{B4F4BAE8-0086-4A4B-A645-74304A3A78E2} = {85A62E41-EE28-4E48-AE11-5AA779F2744C}
		{6EA418E7-0F9F-4356-B8A9-CD564F12B80C} = {85A62E41-EE28-4E48-AE11-5AA779F2744C}
		{2475A291-9DF9-4660-AD96-E21BBA9D268C} = {4A46F10E-8B98-46DE-91A3-D83C858A0387}
		{1659BF8D-269F-4F14-9515-B132CC4A6665} = {4A46F10E-8B98-46DE-91A3-D83C858A0387}
		{DF31AF66-DEF7-4C3A-955B-E0BE43932BAB} = {4A46F10E-8B98-46DE-91A3-D83C858A0387}
		{F6FEF727-9C1D-451F-B591-31060DF33DD2} = {4A46F10E-8B98-46DE-91A3-D83C858A0387}
		{0166F902-D6CD-498A-A2B6-A3740A5E8E2A} = {4A46F10E-8B98-46DE-91A3-D83C858A0387}
		{EEA97B57-8CCA-4CC1-8960-4EC49A8F8CFF} = {4A46F10E-8B98-46DE-91A3-D83C858A0387}
		{5355FAA5-7E9C-45C9-B04C-CB445F7B5CB5} = {4A46F10E-8B98-46DE-91A3-D83C858A0387}
		{DE398133-5FF6-4D69-85A5-6F445C91CA81} = {5210D741-A652-4DDE-94E1-ACE571B51A35}
		{6DA0F093-5190-4814-8729-C9FEABCB4DDF} = {5210D741-A652-4DDE-94E1-ACE571B51A35}
		{3FB2C01B-7C12-4909-804E-1D29F24B6F41} = {5210D741-A652-4DDE-94E1-ACE571B51A35}
		{69169F93-97DC-4CD4-83A7-73329E68CAE2} = {5210D741-A652-4DDE-94E1-ACE571B51A35}
		{21DDC6C2-EFB4-4378-A0FF-FDEEE211F7DF} = {5210D741-A652-4DDE-94E1-ACE571B51A35}
		{E74F54AB-F16D-41A8-A76F-A52A2C726BE8} = {5210D741-A652-4DDE-94E1-ACE571B51A35}
		{1F2CAAE0-4BFF-424F-82F4-BE4DBF23BD30} = {5210D741-A652-4DDE-94E1-ACE571B51A35}
		{21F4D812-3118-4BB7-A1D1-85BFDA20AA34} = {5210D741-A652-4DDE-94E1-ACE571B51A35}
		{659E048D-1F8D-466D-B262-080E8BE5F103} = {5210D741-A652-4DDE-94E1-ACE571B51A35}
		{B4BE9923-6A62-40AB-AFDC-AD292AFEBE69} = {4A46F10E-8B98-46DE-91A3-D83C858A0387}
	EndGlobalSection
EndGlobal
